
Microsoft Visual Studio Solution File, Format Version 12.00
# Visual Studio Version 17
VisualStudioVersion = 17.0.31903.59
MinimumVisualStudioVersion = 10.0.40219.1
Project("{FAE04EC0-301F-11D3-BF4B-00C04F79EFBC}") = "1.BasicEnvironmentSetup", "1.BasicEnvironmentSetup\1.BasicEnvironmentSetup.csproj", "{9F0CB8E7-0015-48F7-B870-4BDBE443982E}"
EndProject
Project("{FAE04EC0-301F-11D3-BF4B-00C04F79EFBC}") = "2.IntroducingC#", "2.IntroducingC#\2.IntroducingC#.csproj", "{E799546F-8E02-4630-AA4B-61DD0F2D9A5A}"
EndProject
Project("{FAE04EC0-301F-11D3-BF4B-00C04F79EFBC}") = "3.IntroducingC#_2", "3.IntroducingC#_2\3.IntroducingC#_2.csproj", "{E843D971-CC27-44EB-BE17-985E25A4D757}"
EndProject
Global
	GlobalSection(SolutionConfigurationPlatforms) = preSolution
		Debug|Any CPU = Debug|Any CPU
		Release|Any CPU = Release|Any CPU
	EndGlobalSection
	GlobalSection(SolutionProperties) = preSolution
		HideSolutionNode = FALSE
	EndGlobalSection
	GlobalSection(ProjectConfigurationPlatforms) = postSolution
		{9F0CB8E7-0015-48F7-B870-4BDBE443982E}.Debug|Any CPU.ActiveCfg = Debug|Any CPU
		{9F0CB8E7-0015-48F7-B870-4BDBE443982E}.Debug|Any CPU.Build.0 = Debug|Any CPU
		{9F0CB8E7-0015-48F7-B870-4BDBE443982E}.Release|Any CPU.ActiveCfg = Release|Any CPU
		{9F0CB8E7-0015-48F7-B870-4BDBE443982E}.Release|Any CPU.Build.0 = Release|Any CPU
		{E799546F-8E02-4630-AA4B-61DD0F2D9A5A}.Debug|Any CPU.ActiveCfg = Debug|Any CPU
		{E799546F-8E02-4630-AA4B-61DD0F2D9A5A}.Debug|Any CPU.Build.0 = Debug|Any CPU
		{E799546F-8E02-4630-AA4B-61DD0F2D9A5A}.Release|Any CPU.ActiveCfg = Release|Any CPU
		{E799546F-8E02-4630-AA4B-61DD0F2D9A5A}.Release|Any CPU.Build.0 = Release|Any CPU
		{E843D971-CC27-44EB-BE17-985E25A4D757}.Debug|Any CPU.ActiveCfg = Debug|Any CPU
		{E843D971-CC27-44EB-BE17-985E25A4D757}.Debug|Any CPU.Build.0 = Debug|Any CPU
		{E843D971-CC27-44EB-BE17-985E25A4D757}.Release|Any CPU.ActiveCfg = Release|Any CPU
		{E843D971-CC27-44EB-BE17-985E25A4D757}.Release|Any CPU.Build.0 = Release|Any CPU
	EndGlobalSection
EndGlobal
