
Microsoft Visual Studio Solution File, Format Version 12.00
# Visual Studio Version 17
VisualStudioVersion = 17.0.31903.59
MinimumVisualStudioVersion = 10.0.40219.1
Project("{FAE04EC0-301F-11D3-BF4B-00C04F79EFBC}") = "Day1", "Day1\Day1.csproj", "{9F0CB8E7-0015-48F7-B870-4BDBE443982E}"
EndProject
Project("{FAE04EC0-301F-11D3-BF4B-00C04F79EFBC}") = "Day2", "Day2\Day2.csproj", "{E799546F-8E02-4630-AA4B-61DD0F2D9A5A}"
EndProject
Project("{FAE04EC0-301F-11D3-BF4B-00C04F79EFBC}") = "Day3", "Day3\Day3.csproj", "{E843D971-CC27-44EB-BE17-985E25A4D757}"
EndProject
Project("{FAE04EC0-301F-11D3-BF4B-00C04F79EFBC}") = "Day4", "Day4\Day4.csproj", "{15F9DFE0-4E04-46D6-9B63-92E0AED32D9E}"
EndProject
Project("{FAE04EC0-301F-11D3-BF4B-00C04F79EFBC}") = "Recap", "Recap\Recap.csproj", "{9BF88940-445C-4064-A1BA-279A0E4EB444}"
EndProject
Project("{FAE04EC0-301F-11D3-BF4B-00C04F79EFBC}") = "Day5", "Day5\Day5.csproj", "{540B3831-322C-488B-866A-4B247F3328DB}"
EndProject
Project("{FAE04EC0-301F-11D3-BF4B-00C04F79EFBC}") = "Day6", "Day6\Day6.csproj", "{8ADCD7A2-BCAC-44AC-A888-DADF7C0AF2F8}"
EndProject
Global
	GlobalSection(SolutionConfigurationPlatforms) = preSolution
		Debug|Any CPU = Debug|Any CPU
		Release|Any CPU = Release|Any CPU
	EndGlobalSection
	GlobalSection(SolutionProperties) = preSolution
		HideSolutionNode = FALSE
	EndGlobalSection
	GlobalSection(ProjectConfigurationPlatforms) = postSolution
		{9F0CB8E7-0015-48F7-B870-4BDBE443982E}.Debug|Any CPU.ActiveCfg = Debug|Any CPU
		{9F0CB8E7-0015-48F7-B870-4BDBE443982E}.Debug|Any CPU.Build.0 = Debug|Any CPU
		{9F0CB8E7-0015-48F7-B870-4BDBE443982E}.Release|Any CPU.ActiveCfg = Release|Any CPU
		{9F0CB8E7-0015-48F7-B870-4BDBE443982E}.Release|Any CPU.Build.0 = Release|Any CPU
		{E799546F-8E02-4630-AA4B-61DD0F2D9A5A}.Debug|Any CPU.ActiveCfg = Debug|Any CPU
		{E799546F-8E02-4630-AA4B-61DD0F2D9A5A}.Debug|Any CPU.Build.0 = Debug|Any CPU
		{E799546F-8E02-4630-AA4B-61DD0F2D9A5A}.Release|Any CPU.ActiveCfg = Release|Any CPU
		{E799546F-8E02-4630-AA4B-61DD0F2D9A5A}.Release|Any CPU.Build.0 = Release|Any CPU
		{E843D971-CC27-44EB-BE17-985E25A4D757}.Debug|Any CPU.ActiveCfg = Debug|Any CPU
		{E843D971-CC27-44EB-BE17-985E25A4D757}.Debug|Any CPU.Build.0 = Debug|Any CPU
		{E843D971-CC27-44EB-BE17-985E25A4D757}.Release|Any CPU.ActiveCfg = Release|Any CPU
		{E843D971-CC27-44EB-BE17-985E25A4D757}.Release|Any CPU.Build.0 = Release|Any CPU
		{15F9DFE0-4E04-46D6-9B63-92E0AED32D9E}.Debug|Any CPU.ActiveCfg = Debug|Any CPU
		{15F9DFE0-4E04-46D6-9B63-92E0AED32D9E}.Debug|Any CPU.Build.0 = Debug|Any CPU
		{15F9DFE0-4E04-46D6-9B63-92E0AED32D9E}.Release|Any CPU.ActiveCfg = Release|Any CPU
		{15F9DFE0-4E04-46D6-9B63-92E0AED32D9E}.Release|Any CPU.Build.0 = Release|Any CPU
		{9BF88940-445C-4064-A1BA-279A0E4EB444}.Debug|Any CPU.ActiveCfg = Debug|Any CPU
		{9BF88940-445C-4064-A1BA-279A0E4EB444}.Debug|Any CPU.Build.0 = Debug|Any CPU
		{9BF88940-445C-4064-A1BA-279A0E4EB444}.Release|Any CPU.ActiveCfg = Release|Any CPU
		{9BF88940-445C-4064-A1BA-279A0E4EB444}.Release|Any CPU.Build.0 = Release|Any CPU
		{540B3831-322C-488B-866A-4B247F3328DB}.Debug|Any CPU.ActiveCfg = Debug|Any CPU
		{540B3831-322C-488B-866A-4B247F3328DB}.Debug|Any CPU.Build.0 = Debug|Any CPU
		{540B3831-322C-488B-866A-4B247F3328DB}.Release|Any CPU.ActiveCfg = Release|Any CPU
		{540B3831-322C-488B-866A-4B247F3328DB}.Release|Any CPU.Build.0 = Release|Any CPU
		{8ADCD7A2-BCAC-44AC-A888-DADF7C0AF2F8}.Debug|Any CPU.ActiveCfg = Debug|Any CPU
		{8ADCD7A2-BCAC-44AC-A888-DADF7C0AF2F8}.Debug|Any CPU.Build.0 = Debug|Any CPU
		{8ADCD7A2-BCAC-44AC-A888-DADF7C0AF2F8}.Release|Any CPU.ActiveCfg = Release|Any CPU
		{8ADCD7A2-BCAC-44AC-A888-DADF7C0AF2F8}.Release|Any CPU.Build.0 = Release|Any CPU
	EndGlobalSection
EndGlobal
